
Microsoft Visual Studio Solution File, Format Version 12.00
# Visual Studio Version 17
VisualStudioVersion = 17.13.35919.96
MinimumVisualStudioVersion = 10.0.40219.1
Project("{FAE04EC0-301F-11D3-BF4B-00C04F79EFBC}") = "ExampleWebAPI", "ExampleWebAPI.csproj", "{AC269471-11A9-4CCF-826E-0EB1FA229612}"
EndProject
Project("{FAE04EC0-301F-11D3-BF4B-00C04F79EFBC}") = "ExampleWebAPI.Tests", "..\ExampleWebAPI.Tests\ExampleWebAPI.Tests.csproj", "{98C5259D-D627-41DC-8F77-2B0A13BD0056}"
EndProject
Global
	GlobalSection(SolutionConfigurationPlatforms) = preSolution
		Debug|Any CPU = Debug|Any CPU
		Release|Any CPU = Release|Any CPU
	EndGlobalSection
	GlobalSection(ProjectConfigurationPlatforms) = postSolution
		{AC269471-11A9-4CCF-826E-0EB1FA229612}.Debug|Any CPU.ActiveCfg = Debug|Any CPU
		{AC269471-11A9-4CCF-826E-0EB1FA229612}.Debug|Any CPU.Build.0 = Debug|Any CPU
		{AC269471-11A9-4CCF-826E-0EB1FA229612}.Release|Any CPU.ActiveCfg = Release|Any CPU
		{AC269471-11A9-4CCF-826E-0EB1FA229612}.Release|Any CPU.Build.0 = Release|Any CPU
		{98C5259D-D627-41DC-8F77-2B0A13BD0056}.Debug|Any CPU.ActiveCfg = Debug|Any CPU
		{98C5259D-D627-41DC-8F77-2B0A13BD0056}.Debug|Any CPU.Build.0 = Debug|Any CPU
		{98C5259D-D627-41DC-8F77-2B0A13BD0056}.Release|Any CPU.ActiveCfg = Release|Any CPU
		{98C5259D-D627-41DC-8F77-2B0A13BD0056}.Release|Any CPU.Build.0 = Release|Any CPU
	EndGlobalSection
	GlobalSection(SolutionProperties) = preSolution
		HideSolutionNode = FALSE
	EndGlobalSection
	GlobalSection(ExtensibilityGlobals) = postSolution
		SolutionGuid = {AE5812EE-5951-4E3F-AA67-B4CCA7AEB0F9}
	EndGlobalSection
EndGlobal
